
Microsoft Visual Studio Solution File, Format Version 12.00
# Visual Studio 14
VisualStudioVersion = 14.0.24720.0
MinimumVisualStudioVersion = 10.0.40219.1
Project("{FAE04EC0-301F-11D3-BF4B-00C04F79EFBC}") = "Test", "Test\Test.csproj", "{08791E02-6ECE-4888-83F5-F0DAA6F6640F}"
EndProject
Project("{FAE04EC0-301F-11D3-BF4B-00C04F79EFBC}") = "MathHelper", "MathHelper\MathHelper.csproj", "{34741F8A-D3C3-456D-A3BE-23D06848EA64}"
EndProject
Global
	GlobalSection(SolutionConfigurationPlatforms) = preSolution
		Debug|Any CPU = Debug|Any CPU
		Release|Any CPU = Release|Any CPU
	EndGlobalSection
	GlobalSection(ProjectConfigurationPlatforms) = postSolution
		{08791E02-6ECE-4888-83F5-F0DAA6F6640F}.Debug|Any CPU.ActiveCfg = Debug|Any CPU
		{08791E02-6ECE-4888-83F5-F0DAA6F6640F}.Debug|Any CPU.Build.0 = Debug|Any CPU
		{08791E02-6ECE-4888-83F5-F0DAA6F6640F}.Release|Any CPU.ActiveCfg = Release|Any CPU
		{08791E02-6ECE-4888-83F5-F0DAA6F6640F}.Release|Any CPU.Build.0 = Release|Any CPU
		{34741F8A-D3C3-456D-A3BE-23D06848EA64}.Debug|Any CPU.ActiveCfg = Debug|Any CPU
		{34741F8A-D3C3-456D-A3BE-23D06848EA64}.Debug|Any CPU.Build.0 = Debug|Any CPU
		{34741F8A-D3C3-456D-A3BE-23D06848EA64}.Release|Any CPU.ActiveCfg = Release|Any CPU
		{34741F8A-D3C3-456D-A3BE-23D06848EA64}.Release|Any CPU.Build.0 = Release|Any CPU
	EndGlobalSection
	GlobalSection(SolutionProperties) = preSolution
		HideSolutionNode = FALSE
	EndGlobalSection
EndGlobal
